
Microsoft Visual Studio Solution File, Format Version 12.00
# Visual Studio Version 17
VisualStudioVersion = 17.9.34728.123
MinimumVisualStudioVersion = 10.0.40219.1
Project("{FAE04EC0-301F-11D3-BF4B-00C04F79EFBC}") = "WebApplicationCazenas", "WebApplicationCazenas.csproj", "{164FCA79-445F-4511-A8B9-4E29E09C9D2A}"
EndProject
Global
	GlobalSection(SolutionConfigurationPlatforms) = preSolution
		Debug|Any CPU = Debug|Any CPU
		Release|Any CPU = Release|Any CPU
	EndGlobalSection
	GlobalSection(ProjectConfigurationPlatforms) = postSolution
		{164FCA79-445F-4511-A8B9-4E29E09C9D2A}.Debug|Any CPU.ActiveCfg = Debug|Any CPU
		{164FCA79-445F-4511-A8B9-4E29E09C9D2A}.Debug|Any CPU.Build.0 = Debug|Any CPU
		{164FCA79-445F-4511-A8B9-4E29E09C9D2A}.Release|Any CPU.ActiveCfg = Release|Any CPU
		{164FCA79-445F-4511-A8B9-4E29E09C9D2A}.Release|Any CPU.Build.0 = Release|Any CPU
	EndGlobalSection
	GlobalSection(SolutionProperties) = preSolution
		HideSolutionNode = FALSE
	EndGlobalSection
	GlobalSection(ExtensibilityGlobals) = postSolution
		SolutionGuid = {4105A8F8-1FB2-4F78-8C3D-4BD4F9B22AE2}
	EndGlobalSection
EndGlobal
